
Microsoft Visual Studio Solution File, Format Version 12.00
# Visual Studio Version 17
VisualStudioVersion = 17.6.33815.320
MinimumVisualStudioVersion = 10.0.40219.1
Project("{9A19103F-16F7-4668-BE54-9A1E7A4F7556}") = "KidsFun.Repositories", "src\KidsFun.Repositories\KidsFun.Repositories.csproj", "{20382B3D-8103-4233-B876-0A55F661EB92}"
EndProject
Project("{9A19103F-16F7-4668-BE54-9A1E7A4F7556}") = "KidsFun.Models", "src\KidsFun.Models\KidsFun.Models.csproj", "{4ADCA491-3936-492D-93DD-7B628ABC4F2D}"
EndProject
Project("{9A19103F-16F7-4668-BE54-9A1E7A4F7556}") = "KidsFun.WebApi", "src\KidsFun.WebApi\KidsFun.WebApi.csproj", "{6BA71A43-C78E-4B51-A60D-16A22E6A3995}"
EndProject
Project("{9A19103F-16F7-4668-BE54-9A1E7A4F7556}") = "KidsFun.Core", "src\KidsFun.Core\KidsFun.Core.csproj", "{66C483FF-6635-4E6F-BA9D-482AE478AC21}"
EndProject
Global
	GlobalSection(SolutionConfigurationPlatforms) = preSolution
		Debug|Any CPU = Debug|Any CPU
		Release|Any CPU = Release|Any CPU
	EndGlobalSection
	GlobalSection(ProjectConfigurationPlatforms) = postSolution
		{20382B3D-8103-4233-B876-0A55F661EB92}.Debug|Any CPU.ActiveCfg = Debug|Any CPU
		{20382B3D-8103-4233-B876-0A55F661EB92}.Debug|Any CPU.Build.0 = Debug|Any CPU
		{20382B3D-8103-4233-B876-0A55F661EB92}.Release|Any CPU.ActiveCfg = Release|Any CPU
		{20382B3D-8103-4233-B876-0A55F661EB92}.Release|Any CPU.Build.0 = Release|Any CPU
		{4ADCA491-3936-492D-93DD-7B628ABC4F2D}.Debug|Any CPU.ActiveCfg = Debug|Any CPU
		{4ADCA491-3936-492D-93DD-7B628ABC4F2D}.Debug|Any CPU.Build.0 = Debug|Any CPU
		{4ADCA491-3936-492D-93DD-7B628ABC4F2D}.Release|Any CPU.ActiveCfg = Release|Any CPU
		{4ADCA491-3936-492D-93DD-7B628ABC4F2D}.Release|Any CPU.Build.0 = Release|Any CPU
		{6BA71A43-C78E-4B51-A60D-16A22E6A3995}.Debug|Any CPU.ActiveCfg = Debug|Any CPU
		{6BA71A43-C78E-4B51-A60D-16A22E6A3995}.Debug|Any CPU.Build.0 = Debug|Any CPU
		{6BA71A43-C78E-4B51-A60D-16A22E6A3995}.Release|Any CPU.ActiveCfg = Release|Any CPU
		{6BA71A43-C78E-4B51-A60D-16A22E6A3995}.Release|Any CPU.Build.0 = Release|Any CPU
		{66C483FF-6635-4E6F-BA9D-482AE478AC21}.Debug|Any CPU.ActiveCfg = Debug|Any CPU
		{66C483FF-6635-4E6F-BA9D-482AE478AC21}.Debug|Any CPU.Build.0 = Debug|Any CPU
		{66C483FF-6635-4E6F-BA9D-482AE478AC21}.Release|Any CPU.ActiveCfg = Release|Any CPU
		{66C483FF-6635-4E6F-BA9D-482AE478AC21}.Release|Any CPU.Build.0 = Release|Any CPU
	EndGlobalSection
	GlobalSection(SolutionProperties) = preSolution
		HideSolutionNode = FALSE
	EndGlobalSection
	GlobalSection(ExtensibilityGlobals) = postSolution
		SolutionGuid = {FB2C9C79-0EA8-4B28-A2C6-836EBFDC3284}
	EndGlobalSection
EndGlobal
